
Microsoft Visual Studio Solution File, Format Version 12.00
# Visual Studio 15
VisualStudioVersion = 15.0.27703.2047
MinimumVisualStudioVersion = 10.0.40219.1
Project("{FAE04EC0-301F-11D3-BF4B-00C04F79EFBC}") = "Calender2", "Calender2\Calender2.csproj", "{AF64CF5B-7DBD-4316-9C32-CFBF31C102F1}"
EndProject
Global
	GlobalSection(SolutionConfigurationPlatforms) = preSolution
		Debug|Any CPU = Debug|Any CPU
		Release|Any CPU = Release|Any CPU
	EndGlobalSection
	GlobalSection(ProjectConfigurationPlatforms) = postSolution
		{AF64CF5B-7DBD-4316-9C32-CFBF31C102F1}.Debug|Any CPU.ActiveCfg = Debug|Any CPU
		{AF64CF5B-7DBD-4316-9C32-CFBF31C102F1}.Debug|Any CPU.Build.0 = Debug|Any CPU
		{AF64CF5B-7DBD-4316-9C32-CFBF31C102F1}.Release|Any CPU.ActiveCfg = Release|Any CPU
		{AF64CF5B-7DBD-4316-9C32-CFBF31C102F1}.Release|Any CPU.Build.0 = Release|Any CPU
	EndGlobalSection
	GlobalSection(SolutionProperties) = preSolution
		HideSolutionNode = FALSE
	EndGlobalSection
	GlobalSection(ExtensibilityGlobals) = postSolution
		SolutionGuid = {A9F48719-652C-40BF-B9FD-890F54EB2A4E}
	EndGlobalSection
EndGlobal
